
Microsoft Visual Studio Solution File, Format Version 12.00
# Visual Studio Version 17
VisualStudioVersion = 17.0.31903.59
MinimumVisualStudioVersion = 10.0.40219.1
Project("{2150E333-8FDC-42A3-9474-1A3956D46DE8}") = "src", "src", "{9D069E14-E1EF-4298-90FC-8B53F001E59F}"
EndProject
Project("{2150E333-8FDC-42A3-9474-1A3956D46DE8}") = "Modules", "Modules", "{F64C4119-8246-4CEF-8022-0F5683E22407}"
EndProject
Project("{2150E333-8FDC-42A3-9474-1A3956D46DE8}") = "Languages", "Languages", "{8C5B710E-3020-4439-B0CB-6F02B6D57732}"
EndProject
Project("{FAE04EC0-301F-11D3-BF4B-00C04F79EFBC}") = "Languages.Api", "src\Modules\Languages\Languages.Api\Languages.Api.csproj", "{3D446ACC-0C12-4252-A917-FEFFC8E7E7C5}"
EndProject
Project("{FAE04EC0-301F-11D3-BF4B-00C04F79EFBC}") = "Languages.Core", "src\Modules\Languages\Languages.Core\Languages.Core.csproj", "{CB5BB7A6-9A4B-43B1-B7B4-325D652C8CC5}"
EndProject
Project("{2150E333-8FDC-42A3-9474-1A3956D46DE8}") = "Projects", "Projects", "{B7FACFCB-5A4D-4ECA-BF5C-806818FF9502}"
EndProject
Project("{FAE04EC0-301F-11D3-BF4B-00C04F79EFBC}") = "Projects.Api", "src\Modules\Projects\Projects.Api\Projects.Api.csproj", "{6C2084BB-A41E-470B-9D2F-E5DF912CADBD}"
EndProject
Project("{FAE04EC0-301F-11D3-BF4B-00C04F79EFBC}") = "Projects.Core", "src\Modules\Projects\Projects.Core\Projects.Core.csproj", "{FE85037F-8400-41CF-9638-522872A4AC08}"
EndProject
Project("{2150E333-8FDC-42A3-9474-1A3956D46DE8}") = "Translations", "Translations", "{D6962FCF-33F5-471F-95F5-ED7CEE14A7F4}"
EndProject
Project("{FAE04EC0-301F-11D3-BF4B-00C04F79EFBC}") = "Translations.Api", "src\Modules\Translations\Translations.Api\Translations.Api.csproj", "{139134A0-E25A-4CA3-9B5F-6CF91EA52841}"
EndProject
Project("{FAE04EC0-301F-11D3-BF4B-00C04F79EFBC}") = "Translations.Core", "src\Modules\Translations\Translations.Core\Translations.Core.csproj", "{A32D04FE-7699-4DFE-B87C-4A0F1270ADBE}"
EndProject
Project("{2150E333-8FDC-42A3-9474-1A3956D46DE8}") = "Users", "Users", "{601A4DF9-E0F8-4DFA-AF40-D82CE2C4BB9A}"
EndProject
Project("{FAE04EC0-301F-11D3-BF4B-00C04F79EFBC}") = "Users.Api", "src\Modules\Users\Users.Api\Users.Api.csproj", "{D4B71EAF-5C1E-48F5-BFB9-9D892288618D}"
EndProject
Project("{FAE04EC0-301F-11D3-BF4B-00C04F79EFBC}") = "Users.Core", "src\Modules\Users\Users.Core\Users.Core.csproj", "{78CC1BE0-8874-4576-80CD-AFAB2F7B8F9E}"
EndProject
Project("{2150E333-8FDC-42A3-9474-1A3956D46DE8}") = "Shared", "Shared", "{FC77AB20-8E4F-423D-AAD9-894DA8E7F156}"
EndProject
Project("{FAE04EC0-301F-11D3-BF4B-00C04F79EFBC}") = "Shared.Abstractions", "src\Shared\Shared.Abstractions\Shared.Abstractions.csproj", "{2E90CD95-DA24-4E48-8778-72D38C561997}"
EndProject
Project("{FAE04EC0-301F-11D3-BF4B-00C04F79EFBC}") = "Shared.Infrastructure", "src\Shared\Shared.Infrastructure\Shared.Infrastructure.csproj", "{EDC39DD4-64EB-490C-816C-1335D81B5C9D}"
EndProject
Project("{2150E333-8FDC-42A3-9474-1A3956D46DE8}") = "Bootstrapper", "Bootstrapper", "{3ED6EA22-0A29-448A-A5BC-A0186EB17B62}"
EndProject
Project("{FAE04EC0-301F-11D3-BF4B-00C04F79EFBC}") = "Polyglot.Bootstrapper", "src\Bootstrapper\Polyglot.Bootstrapper\Polyglot.Bootstrapper.csproj", "{6D0CCCD1-BA6B-4126-886F-AD59D656647F}"
EndProject
Project("{2150E333-8FDC-42A3-9474-1A3956D46DE8}") = "Tests", "Tests", "{E49665F4-7DDD-4FFF-8580-95D0F0488707}"
EndProject
Project("{FAE04EC0-301F-11D3-BF4B-00C04F79EFBC}") = "Polyglot.Tests", "src\Tests\Polyglot.Tests\Polyglot.Tests.csproj", "{0B40AB12-F27B-46FD-8615-DE8B763778B7}"
EndProject
Global
	GlobalSection(SolutionConfigurationPlatforms) = preSolution
		Debug|Any CPU = Debug|Any CPU
		Release|Any CPU = Release|Any CPU
	EndGlobalSection
	GlobalSection(SolutionProperties) = preSolution
		HideSolutionNode = FALSE
	EndGlobalSection
	GlobalSection(ProjectConfigurationPlatforms) = postSolution
		{3D446ACC-0C12-4252-A917-FEFFC8E7E7C5}.Debug|Any CPU.ActiveCfg = Debug|Any CPU
		{3D446ACC-0C12-4252-A917-FEFFC8E7E7C5}.Debug|Any CPU.Build.0 = Debug|Any CPU
		{3D446ACC-0C12-4252-A917-FEFFC8E7E7C5}.Release|Any CPU.ActiveCfg = Release|Any CPU
		{3D446ACC-0C12-4252-A917-FEFFC8E7E7C5}.Release|Any CPU.Build.0 = Release|Any CPU
		{CB5BB7A6-9A4B-43B1-B7B4-325D652C8CC5}.Debug|Any CPU.ActiveCfg = Debug|Any CPU
		{CB5BB7A6-9A4B-43B1-B7B4-325D652C8CC5}.Debug|Any CPU.Build.0 = Debug|Any CPU
		{CB5BB7A6-9A4B-43B1-B7B4-325D652C8CC5}.Release|Any CPU.ActiveCfg = Release|Any CPU
		{CB5BB7A6-9A4B-43B1-B7B4-325D652C8CC5}.Release|Any CPU.Build.0 = Release|Any CPU
		{6C2084BB-A41E-470B-9D2F-E5DF912CADBD}.Debug|Any CPU.ActiveCfg = Debug|Any CPU
		{6C2084BB-A41E-470B-9D2F-E5DF912CADBD}.Debug|Any CPU.Build.0 = Debug|Any CPU
		{6C2084BB-A41E-470B-9D2F-E5DF912CADBD}.Release|Any CPU.ActiveCfg = Release|Any CPU
		{6C2084BB-A41E-470B-9D2F-E5DF912CADBD}.Release|Any CPU.Build.0 = Release|Any CPU
		{FE85037F-8400-41CF-9638-522872A4AC08}.Debug|Any CPU.ActiveCfg = Debug|Any CPU
		{FE85037F-8400-41CF-9638-522872A4AC08}.Debug|Any CPU.Build.0 = Debug|Any CPU
		{FE85037F-8400-41CF-9638-522872A4AC08}.Release|Any CPU.ActiveCfg = Release|Any CPU
		{FE85037F-8400-41CF-9638-522872A4AC08}.Release|Any CPU.Build.0 = Release|Any CPU
		{139134A0-E25A-4CA3-9B5F-6CF91EA52841}.Debug|Any CPU.ActiveCfg = Debug|Any CPU
		{139134A0-E25A-4CA3-9B5F-6CF91EA52841}.Debug|Any CPU.Build.0 = Debug|Any CPU
		{139134A0-E25A-4CA3-9B5F-6CF91EA52841}.Release|Any CPU.ActiveCfg = Release|Any CPU
		{139134A0-E25A-4CA3-9B5F-6CF91EA52841}.Release|Any CPU.Build.0 = Release|Any CPU
		{A32D04FE-7699-4DFE-B87C-4A0F1270ADBE}.Debug|Any CPU.ActiveCfg = Debug|Any CPU
		{A32D04FE-7699-4DFE-B87C-4A0F1270ADBE}.Debug|Any CPU.Build.0 = Debug|Any CPU
		{A32D04FE-7699-4DFE-B87C-4A0F1270ADBE}.Release|Any CPU.ActiveCfg = Release|Any CPU
		{A32D04FE-7699-4DFE-B87C-4A0F1270ADBE}.Release|Any CPU.Build.0 = Release|Any CPU
		{D4B71EAF-5C1E-48F5-BFB9-9D892288618D}.Debug|Any CPU.ActiveCfg = Debug|Any CPU
		{D4B71EAF-5C1E-48F5-BFB9-9D892288618D}.Debug|Any CPU.Build.0 = Debug|Any CPU
		{D4B71EAF-5C1E-48F5-BFB9-9D892288618D}.Release|Any CPU.ActiveCfg = Release|Any CPU
		{D4B71EAF-5C1E-48F5-BFB9-9D892288618D}.Release|Any CPU.Build.0 = Release|Any CPU
		{78CC1BE0-8874-4576-80CD-AFAB2F7B8F9E}.Debug|Any CPU.ActiveCfg = Debug|Any CPU
		{78CC1BE0-8874-4576-80CD-AFAB2F7B8F9E}.Debug|Any CPU.Build.0 = Debug|Any CPU
		{78CC1BE0-8874-4576-80CD-AFAB2F7B8F9E}.Release|Any CPU.ActiveCfg = Release|Any CPU
		{78CC1BE0-8874-4576-80CD-AFAB2F7B8F9E}.Release|Any CPU.Build.0 = Release|Any CPU
		{2E90CD95-DA24-4E48-8778-72D38C561997}.Debug|Any CPU.ActiveCfg = Debug|Any CPU
		{2E90CD95-DA24-4E48-8778-72D38C561997}.Debug|Any CPU.Build.0 = Debug|Any CPU
		{2E90CD95-DA24-4E48-8778-72D38C561997}.Release|Any CPU.ActiveCfg = Release|Any CPU
		{2E90CD95-DA24-4E48-8778-72D38C561997}.Release|Any CPU.Build.0 = Release|Any CPU
		{EDC39DD4-64EB-490C-816C-1335D81B5C9D}.Debug|Any CPU.ActiveCfg = Debug|Any CPU
		{EDC39DD4-64EB-490C-816C-1335D81B5C9D}.Debug|Any CPU.Build.0 = Debug|Any CPU
		{EDC39DD4-64EB-490C-816C-1335D81B5C9D}.Release|Any CPU.ActiveCfg = Release|Any CPU
		{EDC39DD4-64EB-490C-816C-1335D81B5C9D}.Release|Any CPU.Build.0 = Release|Any CPU
		{6D0CCCD1-BA6B-4126-886F-AD59D656647F}.Debug|Any CPU.ActiveCfg = Debug|Any CPU
		{6D0CCCD1-BA6B-4126-886F-AD59D656647F}.Debug|Any CPU.Build.0 = Debug|Any CPU
		{6D0CCCD1-BA6B-4126-886F-AD59D656647F}.Release|Any CPU.ActiveCfg = Release|Any CPU
		{6D0CCCD1-BA6B-4126-886F-AD59D656647F}.Release|Any CPU.Build.0 = Release|Any CPU
		{0B40AB12-F27B-46FD-8615-DE8B763778B7}.Debug|Any CPU.ActiveCfg = Debug|Any CPU
		{0B40AB12-F27B-46FD-8615-DE8B763778B7}.Debug|Any CPU.Build.0 = Debug|Any CPU
		{0B40AB12-F27B-46FD-8615-DE8B763778B7}.Release|Any CPU.ActiveCfg = Release|Any CPU
		{0B40AB12-F27B-46FD-8615-DE8B763778B7}.Release|Any CPU.Build.0 = Release|Any CPU
	EndGlobalSection
	GlobalSection(NestedProjects) = preSolution
		{F64C4119-8246-4CEF-8022-0F5683E22407} = {9D069E14-E1EF-4298-90FC-8B53F001E59F}
		{8C5B710E-3020-4439-B0CB-6F02B6D57732} = {F64C4119-8246-4CEF-8022-0F5683E22407}
		{3D446ACC-0C12-4252-A917-FEFFC8E7E7C5} = {8C5B710E-3020-4439-B0CB-6F02B6D57732}
		{CB5BB7A6-9A4B-43B1-B7B4-325D652C8CC5} = {8C5B710E-3020-4439-B0CB-6F02B6D57732}
		{B7FACFCB-5A4D-4ECA-BF5C-806818FF9502} = {F64C4119-8246-4CEF-8022-0F5683E22407}
		{6C2084BB-A41E-470B-9D2F-E5DF912CADBD} = {B7FACFCB-5A4D-4ECA-BF5C-806818FF9502}
		{FE85037F-8400-41CF-9638-522872A4AC08} = {B7FACFCB-5A4D-4ECA-BF5C-806818FF9502}
		{D6962FCF-33F5-471F-95F5-ED7CEE14A7F4} = {F64C4119-8246-4CEF-8022-0F5683E22407}
		{139134A0-E25A-4CA3-9B5F-6CF91EA52841} = {D6962FCF-33F5-471F-95F5-ED7CEE14A7F4}
		{A32D04FE-7699-4DFE-B87C-4A0F1270ADBE} = {D6962FCF-33F5-471F-95F5-ED7CEE14A7F4}
		{601A4DF9-E0F8-4DFA-AF40-D82CE2C4BB9A} = {F64C4119-8246-4CEF-8022-0F5683E22407}
		{D4B71EAF-5C1E-48F5-BFB9-9D892288618D} = {601A4DF9-E0F8-4DFA-AF40-D82CE2C4BB9A}
		{78CC1BE0-8874-4576-80CD-AFAB2F7B8F9E} = {601A4DF9-E0F8-4DFA-AF40-D82CE2C4BB9A}
		{FC77AB20-8E4F-423D-AAD9-894DA8E7F156} = {9D069E14-E1EF-4298-90FC-8B53F001E59F}
		{2E90CD95-DA24-4E48-8778-72D38C561997} = {FC77AB20-8E4F-423D-AAD9-894DA8E7F156}
		{EDC39DD4-64EB-490C-816C-1335D81B5C9D} = {FC77AB20-8E4F-423D-AAD9-894DA8E7F156}
		{3ED6EA22-0A29-448A-A5BC-A0186EB17B62} = {9D069E14-E1EF-4298-90FC-8B53F001E59F}
		{6D0CCCD1-BA6B-4126-886F-AD59D656647F} = {3ED6EA22-0A29-448A-A5BC-A0186EB17B62}
		{E49665F4-7DDD-4FFF-8580-95D0F0488707} = {9D069E14-E1EF-4298-90FC-8B53F001E59F}
		{0B40AB12-F27B-46FD-8615-DE8B763778B7} = {E49665F4-7DDD-4FFF-8580-95D0F0488707}
	EndGlobalSection
EndGlobal
